// !$*UTF8*$!
{
	archiveVersion = 1;
	classes = {
	};
	objectVersion = 50;
	objects = {

/* Begin PBXBuildFile section */
		913DF8812738C5AC00CFF237 /* AppDelegate.swift in Sources */ = {isa = PBXBuildFile; fileRef = 913DF8802738C5AC00CFF237 /* AppDelegate.swift */; };
		913DF8832738C5AC00CFF237 /* SceneDelegate.swift in Sources */ = {isa = PBXBuildFile; fileRef = 913DF8822738C5AC00CFF237 /* SceneDelegate.swift */; };
		913DF8852738C5AC00CFF237 /* ViewController.swift in Sources */ = {isa = PBXBuildFile; fileRef = 913DF8842738C5AC00CFF237 /* ViewController.swift */; };
		913DF8882738C5AC00CFF237 /* Main.storyboard in Resources */ = {isa = PBXBuildFile; fileRef = 913DF8862738C5AC00CFF237 /* Main.storyboard */; };
		913DF88A2738C5AD00CFF237 /* Assets.xcassets in Resources */ = {isa = PBXBuildFile; fileRef = 913DF8892738C5AD00CFF237 /* Assets.xcassets */; };
		913DF88D2738C5AD00CFF237 /* LaunchScreen.storyboard in Resources */ = {isa = PBXBuildFile; fileRef = 913DF88B2738C5AD00CFF237 /* LaunchScreen.storyboard */; };
/* End PBXBuildFile section */

/* Begin PBXFileReference section */
		913DF87D2738C5AC00CFF237 /* hasegawaOnseiNinshiki.app */ = {isa = PBXFileReference; explicitFileType = wrapper.application; includeInIndex = 0; path = hasegawaOnseiNinshiki.app; sourceTree = BUILT_PRODUCTS_DIR; };
		913DF8802738C5AC00CFF237 /* AppDelegate.swift */ = {isa = PBXFileReference; lastKnownFileType = sourcecode.swift; path = AppDelegate.swift; sourceTree = "<group>"; };
		913DF8822738C5AC00CFF237 /* SceneDelegate.swift */ = {isa = PBXFileReference; lastKnownFileType = sourcecode.swift; path = SceneDelegate.swift; sourceTree = "<group>"; };
		913DF8842738C5AC00CFF237 /* ViewController.swift */ = {isa = PBXFileReference; lastKnownFileType = sourcecode.swift; path = ViewController.swift; sourceTree = "<group>"; };
		913DF8872738C5AC00CFF237 /* Base */ = {isa = PBXFileReference; lastKnownFileType = file.storyboard; name = Base; path = Base.lproj/Main.storyboard; sourceTree = "<group>"; };
		913DF8892738C5AD00CFF237 /* Assets.xcassets */ = {isa = PBXFileReference; lastKnownFileType = folder.assetcatalog; path = Assets.xcassets; sourceTree = "<group>"; };
		913DF88C2738C5AD00CFF237 /* Base */ = {isa = PBXFileReference; lastKnownFileType = file.storyboard; name = Base; path = Base.lproj/LaunchScreen.storyboard; sourceTree = "<group>"; };
		913DF88E2738C5AD00CFF237 /* Info.plist */ = {isa = PBXFileReference; lastKnownFileType = text.plist.xml; path = Info.plist; sourceTree = "<group>"; };
/* End PBXFileReference section */

/* Begin PBXFrameworksBuildPhase section */
		913DF87A2738C5AC00CFF237 /* Frameworks */ = {
			isa = PBXFrameworksBuildPhase;
			buildActionMask = 2147483647;
			files = (
			);
			runOnlyForDeploymentPostprocessing = 0;
		};
/* End PBXFrameworksBuildPhase section */

/* Begin PBXGroup section */
		913DF8742738C5AC00CFF237 = {
			isa = PBXGroup;
			children = (
				913DF87F2738C5AC00CFF237 /* hasegawaOnseiNinshiki */,
				913DF87E2738C5AC00CFF237 /* Products */,
			);
			sourceTree = "<group>";
		};
		913DF87E2738C5AC00CFF237 /* Products */ = {
			isa = PBXGroup;
			children = (
				913DF87D2738C5AC00CFF237 /* hasegawaOnseiNinshiki.app */,
			);
			name = Products;
			sourceTree = "<group>";
		};
		913DF87F2738C5AC00CFF237 /* hasegawaOnseiNinshiki */ = {
			isa = PBXGroup;
			children = (
				913DF8802738C5AC00CFF237 /* AppDelegate.swift */,
				913DF8822738C5AC00CFF237 /* SceneDelegate.swift */,
				913DF8842738C5AC00CFF237 /* ViewController.swift */,
				913DF8862738C5AC00CFF237 /* Main.storyboard */,
				913DF8892738C5AD00CFF237 /* Assets.xcassets */,
				913DF88B2738C5AD00CFF237 /* LaunchScreen.storyboard */,
				913DF88E2738C5AD00CFF237 /* Info.plist */,
			);
			path = hasegawaOnseiNinshiki;
			sourceTree = "<group>";
		};
/* End PBXGroup section */

/* Begin PBXNativeTarget section */
		913DF87C2738C5AC00CFF237 /* hasegawaOnseiNinshiki */ = {
			isa = PBXNativeTarget;
			buildConfigurationList = 913DF8912738C5AD00CFF237 /* Build configuration list for PBXNativeTarget "hasegawaOnseiNinshiki" */;
			buildPhases = (
				913DF8792738C5AC00CFF237 /* Sources */,
				913DF87A2738C5AC00CFF237 /* Frameworks */,
				913DF87B2738C5AC00CFF237 /* Resources */,
			);
			buildRules = (
			);
			dependencies = (
			);
			name = hasegawaOnseiNinshiki;
			productName = hasegawaOnseiNinshiki;
			productReference = 913DF87D2738C5AC00CFF237 /* hasegawaOnseiNinshiki.app */;
			productType = "com.apple.product-type.application";
		};
/* End PBXNativeTarget section */

/* Begin PBXProject section */
		913DF8752738C5AC00CFF237 /* Project object */ = {
			isa = PBXProject;
			attributes = {
				LastSwiftUpdateCheck = 1220;
				LastUpgradeCheck = 1220;
				TargetAttributes = {
					913DF87C2738C5AC00CFF237 = {
						CreatedOnToolsVersion = 12.2;
					};
				};
			};
			buildConfigurationList = 913DF8782738C5AC00CFF237 /* Build configuration list for PBXProject "hasegawaOnseiNinshiki" */;
			compatibilityVersion = "Xcode 9.3";
			developmentRegion = en;
			hasScannedForEncodings = 0;
			knownRegions = (
				en,
				Base,
			);
			mainGroup = 913DF8742738C5AC00CFF237;
			productRefGroup = 913DF87E2738C5AC00CFF237 /* Products */;
			projectDirPath = "";
			projectRoot = "";
			targets = (
				913DF87C2738C5AC00CFF237 /* hasegawaOnseiNinshiki */,
			);
		};
/* End PBXProject section */

/* Begin PBXResourcesBuildPhase section */
		913DF87B2738C5AC00CFF237 /* Resources */ = {
			isa = PBXResourcesBuildPhase;
			buildActionMask = 2147483647;
			files = (
				913DF88D2738C5AD00CFF237 /* LaunchScreen.storyboard in Resources */,
				913DF88A2738C5AD00CFF237 /* Assets.xcassets in Resources */,
				913DF8882738C5AC00CFF237 /* Main.storyboard in Resources */,
			);
			runOnlyForDeploymentPostprocessing = 0;
		};
/* End PBXResourcesBuildPhase section */

/* Begin PBXSourcesBuildPhase section */
		913DF8792738C5AC00CFF237 /* Sources */ = {
			isa = PBXSourcesBuildPhase;
			buildActionMask = 2147483647;
			files = (
				913DF8852738C5AC00CFF237 /* ViewController.swift in Sources */,
				913DF8812738C5AC00CFF237 /* AppDelegate.swift in Sources */,
				913DF8832738C5AC00CFF237 /* SceneDelegate.swift in Sources */,
			);
			runOnlyForDeploymentPostprocessing = 0;
		};
/* End PBXSourcesBuildPhase section */

/* Begin PBXVariantGroup section */
		913DF8862738C5AC00CFF237 /* Main.storyboard */ = {
			isa = PBXVariantGroup;
			children = (
				913DF8872738C5AC00CFF237 /* Base */,
			);
			name = Main.storyboard;
			sourceTree = "<group>";
		};
		913DF88B2738C5AD00CFF237 /* LaunchScreen.storyboard */ = {
			isa = PBXVariantGroup;
			children = (
				913DF88C2738C5AD00CFF237 /* Base */,
			);
			name = LaunchScreen.storyboard;
			sourceTree = "<group>";
		};
/* End PBXVariantGroup section */

/* Begin XCBuildConfiguration section */
		913DF88F2738C5AD00CFF237 /* Debug */ = {
			isa = XCBuildConfiguration;
			buildSettings = {
				ALWAYS_SEARCH_USER_PATHS = NO;
				CLANG_ANALYZER_NONNULL = YES;
				CLANG_ANALYZER_NUMBER_OBJECT_CONVERSION = YES_AGGRESSIVE;
				CLANG_CXX_LANGUAGE_STANDARD = "gnu++14";
				CLANG_CXX_LIBRARY = "libc++";
				CLANG_ENABLE_MODULES = YES;
				CLANG_ENABLE_OBJC_ARC = YES;
				CLANG_ENABLE_OBJC_WEAK = YES;
				CLANG_WARN_BLOCK_CAPTURE_AUTORELEASING = YES;
				CLANG_WARN_BOOL_CONVERSION = YES;
				CLANG_WARN_COMMA = YES;
				CLANG_WARN_CONSTANT_CONVERSION = YES;
				CLANG_WARN_DEPRECATED_OBJC_IMPLEMENTATIONS = YES;
				CLANG_WARN_DIRECT_OBJC_ISA_USAGE = YES_ERROR;
				CLANG_WARN_DOCUMENTATION_COMMENTS = YES;
				CLANG_WARN_EMPTY_BODY = YES;
				CLANG_WARN_ENUM_CONVERSION = YES;
				CLANG_WARN_INFINITE_RECURSION = YES;
				CLANG_WARN_INT_CONVERSION = YES;
				CLANG_WARN_NON_LITERAL_NULL_CONVERSION = YES;
				CLANG_WARN_OBJC_IMPLICIT_RETAIN_SELF = YES;
				CLANG_WARN_OBJC_LITERAL_CONVERSION = YES;
				CLANG_WARN_OBJC_ROOT_CLASS = YES_ERROR;
				CLANG_WARN_QUOTED_INCLUDE_IN_FRAMEWORK_HEADER = YES;
				CLANG_WARN_RANGE_LOOP_ANALYSIS = YES;
				CLANG_WARN_STRICT_PROTOTYPES = YES;
				CLANG_WARN_SUSPICIOUS_MOVE = YES;
				CLANG_WARN_UNGUARDED_AVAILABILITY = YES_AGGRESSIVE;
				CLANG_WARN_UNREACHABLE_CODE = YES;
				CLANG_WARN__DUPLICATE_METHOD_MATCH = YES;
				COPY_PHASE_STRIP = NO;
				DEBUG_INFORMATION_FORMAT = dwarf;
				ENABLE_STRICT_OBJC_MSGSEND = YES;
				ENABLE_TESTABILITY = YES;
				GCC_C_LANGUAGE_STANDARD = gnu11;
				GCC_DYNAMIC_NO_PIC = NO;
				GCC_NO_COMMON_BLOCKS = YES;
				GCC_OPTIMIZATION_LEVEL = 0;
				GCC_PREPROCESSOR_DEFINITIONS = (
					"DEBUG=1",
					"$(inherited)",
				);
				GCC_WARN_64_TO_32_BIT_CONVERSION = YES;
				GCC_WARN_ABOUT_RETURN_TYPE = YES_ERROR;
				GCC_WARN_UNDECLARED_SELECTOR = YES;
				GCC_WARN_UNINITIALIZED_AUTOS = YES_AGGRESSIVE;
				GCC_WARN_UNUSED_FUNCTION = YES;
				GCC_WARN_UNUSED_VARIABLE = YES;
				IPHONEOS_DEPLOYMENT_TARGET = 14.2;
				MTL_ENABLE_DEBUG_INFO = INCLUDE_SOURCE;
				MTL_FAST_MATH = YES;
				ONLY_ACTIVE_ARCH = YES;
				SDKROOT = iphoneos;
				SWIFT_ACTIVE_COMPILATION_CONDITIONS = DEBUG;
				SWIFT_OPTIMIZATION_LEVEL = "-Onone";
			};
			name = Debug;
		};
		913DF8902738C5AD00CFF237 /* Release */ = {
			isa = XCBuildConfiguration;
			buildSettings = {
				ALWAYS_SEARCH_USER_PATHS = NO;
				CLANG_ANALYZER_NONNULL = YES;
				CLANG_ANALYZER_NUMBER_OBJECT_CONVERSION = YES_AGGRESSIVE;
				CLANG_CXX_LANGUAGE_STANDARD = "gnu++14";
				CLANG_CXX_LIBRARY = "libc++";
				CLANG_ENABLE_MODULES = YES;
				CLANG_ENABLE_OBJC_ARC = YES;
				CLANG_ENABLE_OBJC_WEAK = YES;
				CLANG_WARN_BLOCK_CAPTURE_AUTORELEASING = YES;
				CLANG_WARN_BOOL_CONVERSION = YES;
				CLANG_WARN_COMMA = YES;
				CLANG_WARN_CONSTANT_CONVERSION = YES;
				CLANG_WARN_DEPRECATED_OBJC_IMPLEMENTATIONS = YES;
				CLANG_WARN_DIRECT_OBJC_ISA_USAGE = YES_ERROR;
				CLANG_WARN_DOCUMENTATION_COMMENTS = YES;
				CLANG_WARN_EMPTY_BODY = YES;
				CLANG_WARN_ENUM_CONVERSION = YES;
				CLANG_WARN_INFINITE_RECURSION = YES;
				CLANG_WARN_INT_CONVERSION = YES;
				CLANG_WARN_NON_LITERAL_NULL_CONVERSION = YES;
				CLANG_WARN_OBJC_IMPLICIT_RETAIN_SELF = YES;
				CLANG_WARN_OBJC_LITERAL_CONVERSION = YES;
				CLANG_WARN_OBJC_ROOT_CLASS = YES_ERROR;
				CLANG_WARN_QUOTED_INCLUDE_IN_FRAMEWORK_HEADER = YES;
				CLANG_WARN_RANGE_LOOP_ANALYSIS = YES;
				CLANG_WARN_STRICT_PROTOTYPES = YES;
				CLANG_WARN_SUSPICIOUS_MOVE = YES;
				CLANG_WARN_UNGUARDED_AVAILABILITY = YES_AGGRESSIVE;
				CLANG_WARN_UNREACHABLE_CODE = YES;
				CLANG_WARN__DUPLICATE_METHOD_MATCH = YES;
				COPY_PHASE_STRIP = NO;
				DEBUG_INFORMATION_FORMAT = "dwarf-with-dsym";
				ENABLE_NS_ASSERTIONS = NO;
				ENABLE_STRICT_OBJC_MSGSEND = YES;
				GCC_C_LANGUAGE_STANDARD = gnu11;
				GCC_NO_COMMON_BLOCKS = YES;
				GCC_WARN_64_TO_32_BIT_CONVERSION = YES;
				GCC_WARN_ABOUT_RETURN_TYPE = YES_ERROR;
				GCC_WARN_UNDECLARED_SELECTOR = YES;
				GCC_WARN_UNINITIALIZED_AUTOS = YES_AGGRESSIVE;
				GCC_WARN_UNUSED_FUNCTION = YES;
				GCC_WARN_UNUSED_VARIABLE = YES;
				IPHONEOS_DEPLOYMENT_TARGET = 14.2;
				MTL_ENABLE_DEBUG_INFO = NO;
				MTL_FAST_MATH = YES;
				SDKROOT = iphoneos;
				SWIFT_COMPILATION_MODE = wholemodule;
				SWIFT_OPTIMIZATION_LEVEL = "-O";
				VALIDATE_PRODUCT = YES;
			};
			name = Release;
		};
		913DF8922738C5AD00CFF237 /* Debug */ = {
			isa = XCBuildConfiguration;
			buildSettings = {
				ASSETCATALOG_COMPILER_APPICON_NAME = AppIcon;
				ASSETCATALOG_COMPILER_GLOBAL_ACCENT_COLOR_NAME = AccentColor;
				CODE_SIGN_STYLE = Automatic;
				DEVELOPMENT_TEAM = 84DGRTT3H7;
				INFOPLIST_FILE = hasegawaOnseiNinshiki/Info.plist;
				LD_RUNPATH_SEARCH_PATHS = (
					"$(inherited)",
					"@executable_path/Frameworks",
				);
				PRODUCT_BUNDLE_IDENTIFIER = jp.yousuke.hasegawa.Sample.hasegawaOnseiNinshiki;
				PRODUCT_NAME = "$(TARGET_NAME)";
				SWIFT_VERSION = 5.0;
				TARGETED_DEVICE_FAMILY = "1,2";
			};
			name = Debug;
		};
		913DF8932738C5AD00CFF237 /* Release */ = {
			isa = XCBuildConfiguration;
			buildSettings = {
				ASSETCATALOG_COMPILER_APPICON_NAME = AppIcon;
				ASSETCATALOG_COMPILER_GLOBAL_ACCENT_COLOR_NAME = AccentColor;
				CODE_SIGN_STYLE = Automatic;
				DEVELOPMENT_TEAM = 84DGRTT3H7;
				INFOPLIST_FILE = hasegawaOnseiNinshiki/Info.plist;
				LD_RUNPATH_SEARCH_PATHS = (
					"$(inherited)",
					"@executable_path/Frameworks",
				);
				PRODUCT_BUNDLE_IDENTIFIER = jp.yousuke.hasegawa.Sample.hasegawaOnseiNinshiki;
				PRODUCT_NAME = "$(TARGET_NAME)";
				SWIFT_VERSION = 5.0;
				TARGETED_DEVICE_FAMILY = "1,2";
			};
			name = Release;
		};
/* End XCBuildConfiguration section */

/* Begin XCConfigurationList section */
		913DF8782738C5AC00CFF237 /* Build configuration list for PBXProject "hasegawaOnseiNinshiki" */ = {
			isa = XCConfigurationList;
			buildConfigurations = (
				913DF88F2738C5AD00CFF237 /* Debug */,
				913DF8902738C5AD00CFF237 /* Release */,
			);
			defaultConfigurationIsVisible = 0;
			defaultConfigurationName = Release;
		};
		913DF8912738C5AD00CFF237 /* Build configuration list for PBXNativeTarget "hasegawaOnseiNinshiki" */ = {
			isa = XCConfigurationList;
			buildConfigurations = (
				913DF8922738C5AD00CFF237 /* Debug */,
				913DF8932738C5AD00CFF237 /* Release */,
			);
			defaultConfigurationIsVisible = 0;
			defaultConfigurationName = Release;
		};
/* End XCConfigurationList section */
	};
	rootObject = 913DF8752738C5AC00CFF237 /* Project object */;
}
